
Microsoft Visual Studio Solution File, Format Version 12.00
# Visual Studio Version 17
VisualStudioVersion = 17.14.36221.1
MinimumVisualStudioVersion = 10.0.40219.1
Project("{2150E333-8FDC-42A3-9474-1A3956D46DE8}") = "src", "src", "{827E0CD3-B72D-47B6-A68D-7590B98EB39B}"
EndProject
Project("{FAE04EC0-301F-11D3-BF4B-00C04F79EFBC}") = "App.Api", "src\App.Api\App.Api.csproj", "{C0E400E1-D18E-4883-9994-175D684C2C0B}"
EndProject
Project("{FAE04EC0-301F-11D3-BF4B-00C04F79EFBC}") = "App.Application", "src\App.Application\App.Application.csproj", "{01F24B19-8142-4DDC-8659-CCBAD5D3F9FB}"
EndProject
Project("{FAE04EC0-301F-11D3-BF4B-00C04F79EFBC}") = "App.Domain", "src\App.Domain\App.Domain.csproj", "{74EC63D4-88DC-4FAA-9DE0-D62B3525DFDC}"
EndProject
Project("{FAE04EC0-301F-11D3-BF4B-00C04F79EFBC}") = "App.Infrastructure", "src\App.Infrastructure\App.Infrastructure.csproj", "{05971395-0172-45F4-879E-C404A63C53C6}"
EndProject
Global
	GlobalSection(SolutionConfigurationPlatforms) = preSolution
		Debug|Any CPU = Debug|Any CPU
		Debug|x64 = Debug|x64
		Debug|x86 = Debug|x86
		Release|Any CPU = Release|Any CPU
		Release|x64 = Release|x64
		Release|x86 = Release|x86
	EndGlobalSection
	GlobalSection(ProjectConfigurationPlatforms) = postSolution
		{C0E400E1-D18E-4883-9994-175D684C2C0B}.Debug|Any CPU.ActiveCfg = Debug|Any CPU
		{C0E400E1-D18E-4883-9994-175D684C2C0B}.Debug|Any CPU.Build.0 = Debug|Any CPU
		{C0E400E1-D18E-4883-9994-175D684C2C0B}.Debug|x64.ActiveCfg = Debug|Any CPU
		{C0E400E1-D18E-4883-9994-175D684C2C0B}.Debug|x64.Build.0 = Debug|Any CPU
		{C0E400E1-D18E-4883-9994-175D684C2C0B}.Debug|x86.ActiveCfg = Debug|Any CPU
		{C0E400E1-D18E-4883-9994-175D684C2C0B}.Debug|x86.Build.0 = Debug|Any CPU
		{C0E400E1-D18E-4883-9994-175D684C2C0B}.Release|Any CPU.ActiveCfg = Release|Any CPU
		{C0E400E1-D18E-4883-9994-175D684C2C0B}.Release|Any CPU.Build.0 = Release|Any CPU
		{C0E400E1-D18E-4883-9994-175D684C2C0B}.Release|x64.ActiveCfg = Release|Any CPU
		{C0E400E1-D18E-4883-9994-175D684C2C0B}.Release|x64.Build.0 = Release|Any CPU
		{C0E400E1-D18E-4883-9994-175D684C2C0B}.Release|x86.ActiveCfg = Release|Any CPU
		{C0E400E1-D18E-4883-9994-175D684C2C0B}.Release|x86.Build.0 = Release|Any CPU
		{01F24B19-8142-4DDC-8659-CCBAD5D3F9FB}.Debug|Any CPU.ActiveCfg = Debug|Any CPU
		{01F24B19-8142-4DDC-8659-CCBAD5D3F9FB}.Debug|Any CPU.Build.0 = Debug|Any CPU
		{01F24B19-8142-4DDC-8659-CCBAD5D3F9FB}.Debug|x64.ActiveCfg = Debug|Any CPU
		{01F24B19-8142-4DDC-8659-CCBAD5D3F9FB}.Debug|x64.Build.0 = Debug|Any CPU
		{01F24B19-8142-4DDC-8659-CCBAD5D3F9FB}.Debug|x86.ActiveCfg = Debug|Any CPU
		{01F24B19-8142-4DDC-8659-CCBAD5D3F9FB}.Debug|x86.Build.0 = Debug|Any CPU
		{01F24B19-8142-4DDC-8659-CCBAD5D3F9FB}.Release|Any CPU.ActiveCfg = Release|Any CPU
		{01F24B19-8142-4DDC-8659-CCBAD5D3F9FB}.Release|Any CPU.Build.0 = Release|Any CPU
		{01F24B19-8142-4DDC-8659-CCBAD5D3F9FB}.Release|x64.ActiveCfg = Release|Any CPU
		{01F24B19-8142-4DDC-8659-CCBAD5D3F9FB}.Release|x64.Build.0 = Release|Any CPU
		{01F24B19-8142-4DDC-8659-CCBAD5D3F9FB}.Release|x86.ActiveCfg = Release|Any CPU
		{01F24B19-8142-4DDC-8659-CCBAD5D3F9FB}.Release|x86.Build.0 = Release|Any CPU
		{74EC63D4-88DC-4FAA-9DE0-D62B3525DFDC}.Debug|Any CPU.ActiveCfg = Debug|Any CPU
		{74EC63D4-88DC-4FAA-9DE0-D62B3525DFDC}.Debug|Any CPU.Build.0 = Debug|Any CPU
		{74EC63D4-88DC-4FAA-9DE0-D62B3525DFDC}.Debug|x64.ActiveCfg = Debug|Any CPU
		{74EC63D4-88DC-4FAA-9DE0-D62B3525DFDC}.Debug|x64.Build.0 = Debug|Any CPU
		{74EC63D4-88DC-4FAA-9DE0-D62B3525DFDC}.Debug|x86.ActiveCfg = Debug|Any CPU
		{74EC63D4-88DC-4FAA-9DE0-D62B3525DFDC}.Debug|x86.Build.0 = Debug|Any CPU
		{74EC63D4-88DC-4FAA-9DE0-D62B3525DFDC}.Release|Any CPU.ActiveCfg = Release|Any CPU
		{74EC63D4-88DC-4FAA-9DE0-D62B3525DFDC}.Release|Any CPU.Build.0 = Release|Any CPU
		{74EC63D4-88DC-4FAA-9DE0-D62B3525DFDC}.Release|x64.ActiveCfg = Release|Any CPU
		{74EC63D4-88DC-4FAA-9DE0-D62B3525DFDC}.Release|x64.Build.0 = Release|Any CPU
		{74EC63D4-88DC-4FAA-9DE0-D62B3525DFDC}.Release|x86.ActiveCfg = Release|Any CPU
		{74EC63D4-88DC-4FAA-9DE0-D62B3525DFDC}.Release|x86.Build.0 = Release|Any CPU
		{05971395-0172-45F4-879E-C404A63C53C6}.Debug|Any CPU.ActiveCfg = Debug|Any CPU
		{05971395-0172-45F4-879E-C404A63C53C6}.Debug|Any CPU.Build.0 = Debug|Any CPU
		{05971395-0172-45F4-879E-C404A63C53C6}.Debug|x64.ActiveCfg = Debug|Any CPU
		{05971395-0172-45F4-879E-C404A63C53C6}.Debug|x64.Build.0 = Debug|Any CPU
		{05971395-0172-45F4-879E-C404A63C53C6}.Debug|x86.ActiveCfg = Debug|Any CPU
		{05971395-0172-45F4-879E-C404A63C53C6}.Debug|x86.Build.0 = Debug|Any CPU
		{05971395-0172-45F4-879E-C404A63C53C6}.Release|Any CPU.ActiveCfg = Release|Any CPU
		{05971395-0172-45F4-879E-C404A63C53C6}.Release|Any CPU.Build.0 = Release|Any CPU
		{05971395-0172-45F4-879E-C404A63C53C6}.Release|x64.ActiveCfg = Release|Any CPU
		{05971395-0172-45F4-879E-C404A63C53C6}.Release|x64.Build.0 = Release|Any CPU
		{05971395-0172-45F4-879E-C404A63C53C6}.Release|x86.ActiveCfg = Release|Any CPU
		{05971395-0172-45F4-879E-C404A63C53C6}.Release|x86.Build.0 = Release|Any CPU
	EndGlobalSection
	GlobalSection(SolutionProperties) = preSolution
		HideSolutionNode = FALSE
	EndGlobalSection
	GlobalSection(NestedProjects) = preSolution
		{C0E400E1-D18E-4883-9994-175D684C2C0B} = {827E0CD3-B72D-47B6-A68D-7590B98EB39B}
		{01F24B19-8142-4DDC-8659-CCBAD5D3F9FB} = {827E0CD3-B72D-47B6-A68D-7590B98EB39B}
		{74EC63D4-88DC-4FAA-9DE0-D62B3525DFDC} = {827E0CD3-B72D-47B6-A68D-7590B98EB39B}
		{05971395-0172-45F4-879E-C404A63C53C6} = {827E0CD3-B72D-47B6-A68D-7590B98EB39B}
	EndGlobalSection
	GlobalSection(ExtensibilityGlobals) = postSolution
		SolutionGuid = {CCD5C906-7A51-4E60-BA23-461F52CCE5AE}
	EndGlobalSection
EndGlobal
